
Microsoft Visual Studio Solution File, Format Version 12.00
# Visual Studio 15
VisualStudioVersion = 15.0.28307.1758
MinimumVisualStudioVersion = 10.0.40219.1
Project("{FAE04EC0-301F-11D3-BF4B-00C04F79EFBC}") = "CaptureImage", "CaptureImage\CaptureImage.csproj", "{622E801A-CFAA-45F1-BD60-CA327FAD7470}"
EndProject
Project("{FAE04EC0-301F-11D3-BF4B-00C04F79EFBC}") = "KeyManager", "KeyManager\KeyManager.csproj", "{52470BC8-B07A-405F-94FE-BE93DD634195}"
EndProject
Global
	GlobalSection(SolutionConfigurationPlatforms) = preSolution
		Debug|Any CPU = Debug|Any CPU
		Release|Any CPU = Release|Any CPU
	EndGlobalSection
	GlobalSection(ProjectConfigurationPlatforms) = postSolution
		{622E801A-CFAA-45F1-BD60-CA327FAD7470}.Debug|Any CPU.ActiveCfg = Debug|Any CPU
		{622E801A-CFAA-45F1-BD60-CA327FAD7470}.Debug|Any CPU.Build.0 = Debug|Any CPU
		{622E801A-CFAA-45F1-BD60-CA327FAD7470}.Release|Any CPU.ActiveCfg = Release|Any CPU
		{622E801A-CFAA-45F1-BD60-CA327FAD7470}.Release|Any CPU.Build.0 = Release|Any CPU
		{52470BC8-B07A-405F-94FE-BE93DD634195}.Debug|Any CPU.ActiveCfg = Debug|Any CPU
		{52470BC8-B07A-405F-94FE-BE93DD634195}.Debug|Any CPU.Build.0 = Debug|Any CPU
		{52470BC8-B07A-405F-94FE-BE93DD634195}.Release|Any CPU.ActiveCfg = Release|Any CPU
		{52470BC8-B07A-405F-94FE-BE93DD634195}.Release|Any CPU.Build.0 = Release|Any CPU
	EndGlobalSection
	GlobalSection(SolutionProperties) = preSolution
		HideSolutionNode = FALSE
	EndGlobalSection
	GlobalSection(ExtensibilityGlobals) = postSolution
		SolutionGuid = {B27A16BB-6092-48DF-81EA-4722DA5997F7}
	EndGlobalSection
EndGlobal
